// !$*UTF8*$!
{
	archiveVersion = 1;
	classes = {
	};
	objectVersion = 55;
	objects = {

/* Begin PBXBuildFile section */
		CD9E1CD728BA74DD001E07CF /* AppDelegate.swift in Sources */ = {isa = PBXBuildFile; fileRef = CD9E1CD628BA74DD001E07CF /* AppDelegate.swift */; };
		CD9E1CD928BA74DD001E07CF /* SceneDelegate.swift in Sources */ = {isa = PBXBuildFile; fileRef = CD9E1CD828BA74DD001E07CF /* SceneDelegate.swift */; };
		CD9E1CDB28BA74DD001E07CF /* ViewController.swift in Sources */ = {isa = PBXBuildFile; fileRef = CD9E1CDA28BA74DD001E07CF /* ViewController.swift */; };
		CD9E1CDE28BA74DD001E07CF /* Main.storyboard in Resources */ = {isa = PBXBuildFile; fileRef = CD9E1CDC28BA74DD001E07CF /* Main.storyboard */; };
		CD9E1CE028BA74DE001E07CF /* Assets.xcassets in Resources */ = {isa = PBXBuildFile; fileRef = CD9E1CDF28BA74DE001E07CF /* Assets.xcassets */; };
		CD9E1CE328BA74DE001E07CF /* LaunchScreen.storyboard in Resources */ = {isa = PBXBuildFile; fileRef = CD9E1CE128BA74DE001E07CF /* LaunchScreen.storyboard */; };
		CD9E1CEE28BA74DE001E07CF /* newsAppTests.swift in Sources */ = {isa = PBXBuildFile; fileRef = CD9E1CED28BA74DE001E07CF /* newsAppTests.swift */; };
		CD9E1CF828BA74DE001E07CF /* newsAppUITests.swift in Sources */ = {isa = PBXBuildFile; fileRef = CD9E1CF728BA74DE001E07CF /* newsAppUITests.swift */; };
		CD9E1CFA28BA74DE001E07CF /* newsAppUITestsLaunchTests.swift in Sources */ = {isa = PBXBuildFile; fileRef = CD9E1CF928BA74DE001E07CF /* newsAppUITestsLaunchTests.swift */; };
/* End PBXBuildFile section */

/* Begin PBXContainerItemProxy section */
		CD9E1CEA28BA74DE001E07CF /* PBXContainerItemProxy */ = {
			isa = PBXContainerItemProxy;
			containerPortal = CD9E1CCB28BA74DD001E07CF /* Project object */;
			proxyType = 1;
			remoteGlobalIDString = CD9E1CD228BA74DD001E07CF;
			remoteInfo = newsApp;
		};
		CD9E1CF428BA74DE001E07CF /* PBXContainerItemProxy */ = {
			isa = PBXContainerItemProxy;
			containerPortal = CD9E1CCB28BA74DD001E07CF /* Project object */;
			proxyType = 1;
			remoteGlobalIDString = CD9E1CD228BA74DD001E07CF;
			remoteInfo = newsApp;
		};
/* End PBXContainerItemProxy section */

/* Begin PBXFileReference section */
		CD9E1CD328BA74DD001E07CF /* newsApp.app */ = {isa = PBXFileReference; explicitFileType = wrapper.application; includeInIndex = 0; path = newsApp.app; sourceTree = BUILT_PRODUCTS_DIR; };
		CD9E1CD628BA74DD001E07CF /* AppDelegate.swift */ = {isa = PBXFileReference; lastKnownFileType = sourcecode.swift; path = AppDelegate.swift; sourceTree = "<group>"; };
		CD9E1CD828BA74DD001E07CF /* SceneDelegate.swift */ = {isa = PBXFileReference; lastKnownFileType = sourcecode.swift; path = SceneDelegate.swift; sourceTree = "<group>"; };
		CD9E1CDA28BA74DD001E07CF /* ViewController.swift */ = {isa = PBXFileReference; lastKnownFileType = sourcecode.swift; path = ViewController.swift; sourceTree = "<group>"; };
		CD9E1CDD28BA74DD001E07CF /* Base */ = {isa = PBXFileReference; lastKnownFileType = file.storyboard; name = Base; path = Base.lproj/Main.storyboard; sourceTree = "<group>"; };
		CD9E1CDF28BA74DE001E07CF /* Assets.xcassets */ = {isa = PBXFileReference; lastKnownFileType = folder.assetcatalog; path = Assets.xcassets; sourceTree = "<group>"; };
		CD9E1CE228BA74DE001E07CF /* Base */ = {isa = PBXFileReference; lastKnownFileType = file.storyboard; name = Base; path = Base.lproj/LaunchScreen.storyboard; sourceTree = "<group>"; };
		CD9E1CE428BA74DE001E07CF /* Info.plist */ = {isa = PBXFileReference; lastKnownFileType = text.plist.xml; path = Info.plist; sourceTree = "<group>"; };
		CD9E1CE928BA74DE001E07CF /* newsAppTests.xctest */ = {isa = PBXFileReference; explicitFileType = wrapper.cfbundle; includeInIndex = 0; path = newsAppTests.xctest; sourceTree = BUILT_PRODUCTS_DIR; };
		CD9E1CED28BA74DE001E07CF /* newsAppTests.swift */ = {isa = PBXFileReference; lastKnownFileType = sourcecode.swift; path = newsAppTests.swift; sourceTree = "<group>"; };
		CD9E1CF328BA74DE001E07CF /* newsAppUITests.xctest */ = {isa = PBXFileReference; explicitFileType = wrapper.cfbundle; includeInIndex = 0; path = newsAppUITests.xctest; sourceTree = BUILT_PRODUCTS_DIR; };
		CD9E1CF728BA74DE001E07CF /* newsAppUITests.swift */ = {isa = PBXFileReference; lastKnownFileType = sourcecode.swift; path = newsAppUITests.swift; sourceTree = "<group>"; };
		CD9E1CF928BA74DE001E07CF /* newsAppUITestsLaunchTests.swift */ = {isa = PBXFileReference; lastKnownFileType = sourcecode.swift; path = newsAppUITestsLaunchTests.swift; sourceTree = "<group>"; };
/* End PBXFileReference section */

/* Begin PBXFrameworksBuildPhase section */
		CD9E1CD028BA74DD001E07CF /* Frameworks */ = {
			isa = PBXFrameworksBuildPhase;
			buildActionMask = 2147483647;
			files = (
			);
			runOnlyForDeploymentPostprocessing = 0;
		};
		CD9E1CE628BA74DE001E07CF /* Frameworks */ = {
			isa = PBXFrameworksBuildPhase;
			buildActionMask = 2147483647;
			files = (
			);
			runOnlyForDeploymentPostprocessing = 0;
		};
		CD9E1CF028BA74DE001E07CF /* Frameworks */ = {
			isa = PBXFrameworksBuildPhase;
			buildActionMask = 2147483647;
			files = (
			);
			runOnlyForDeploymentPostprocessing = 0;
		};
/* End PBXFrameworksBuildPhase section */

/* Begin PBXGroup section */
		CD9E1CCA28BA74DD001E07CF = {
			isa = PBXGroup;
			children = (
				CD9E1CD528BA74DD001E07CF /* newsApp */,
				CD9E1CEC28BA74DE001E07CF /* newsAppTests */,
				CD9E1CF628BA74DE001E07CF /* newsAppUITests */,
				CD9E1CD428BA74DD001E07CF /* Products */,
			);
			sourceTree = "<group>";
		};
		CD9E1CD428BA74DD001E07CF /* Products */ = {
			isa = PBXGroup;
			children = (
				CD9E1CD328BA74DD001E07CF /* newsApp.app */,
				CD9E1CE928BA74DE001E07CF /* newsAppTests.xctest */,
				CD9E1CF328BA74DE001E07CF /* newsAppUITests.xctest */,
			);
			name = Products;
			sourceTree = "<group>";
		};
		CD9E1CD528BA74DD001E07CF /* newsApp */ = {
			isa = PBXGroup;
			children = (
				CD9E1CD628BA74DD001E07CF /* AppDelegate.swift */,
				CD9E1CD828BA74DD001E07CF /* SceneDelegate.swift */,
				CD9E1CDA28BA74DD001E07CF /* ViewController.swift */,
				CD9E1CDC28BA74DD001E07CF /* Main.storyboard */,
				CD9E1CDF28BA74DE001E07CF /* Assets.xcassets */,
				CD9E1CE128BA74DE001E07CF /* LaunchScreen.storyboard */,
				CD9E1CE428BA74DE001E07CF /* Info.plist */,
			);
			path = newsApp;
			sourceTree = "<group>";
		};
		CD9E1CEC28BA74DE001E07CF /* newsAppTests */ = {
			isa = PBXGroup;
			children = (
				CD9E1CED28BA74DE001E07CF /* newsAppTests.swift */,
			);
			path = newsAppTests;
			sourceTree = "<group>";
		};
		CD9E1CF628BA74DE001E07CF /* newsAppUITests */ = {
			isa = PBXGroup;
			children = (
				CD9E1CF728BA74DE001E07CF /* newsAppUITests.swift */,
				CD9E1CF928BA74DE001E07CF /* newsAppUITestsLaunchTests.swift */,
			);
			path = newsAppUITests;
			sourceTree = "<group>";
		};
/* End PBXGroup section */

/* Begin PBXNativeTarget section */
		CD9E1CD228BA74DD001E07CF /* newsApp */ = {
			isa = PBXNativeTarget;
			buildConfigurationList = CD9E1CFD28BA74DE001E07CF /* Build configuration list for PBXNativeTarget "newsApp" */;
			buildPhases = (
				CD9E1CCF28BA74DD001E07CF /* Sources */,
				CD9E1CD028BA74DD001E07CF /* Frameworks */,
				CD9E1CD128BA74DD001E07CF /* Resources */,
			);
			buildRules = (
			);
			dependencies = (
			);
			name = newsApp;
			productName = newsApp;
			productReference = CD9E1CD328BA74DD001E07CF /* newsApp.app */;
			productType = "com.apple.product-type.application";
		};
		CD9E1CE828BA74DE001E07CF /* newsAppTests */ = {
			isa = PBXNativeTarget;
			buildConfigurationList = CD9E1D0028BA74DE001E07CF /* Build configuration list for PBXNativeTarget "newsAppTests" */;
			buildPhases = (
				CD9E1CE528BA74DE001E07CF /* Sources */,
				CD9E1CE628BA74DE001E07CF /* Frameworks */,
				CD9E1CE728BA74DE001E07CF /* Resources */,
			);
			buildRules = (
			);
			dependencies = (
				CD9E1CEB28BA74DE001E07CF /* PBXTargetDependency */,
			);
			name = newsAppTests;
			productName = newsAppTests;
			productReference = CD9E1CE928BA74DE001E07CF /* newsAppTests.xctest */;
			productType = "com.apple.product-type.bundle.unit-test";
		};
		CD9E1CF228BA74DE001E07CF /* newsAppUITests */ = {
			isa = PBXNativeTarget;
			buildConfigurationList = CD9E1D0328BA74DE001E07CF /* Build configuration list for PBXNativeTarget "newsAppUITests" */;
			buildPhases = (
				CD9E1CEF28BA74DE001E07CF /* Sources */,
				CD9E1CF028BA74DE001E07CF /* Frameworks */,
				CD9E1CF128BA74DE001E07CF /* Resources */,
			);
			buildRules = (
			);
			dependencies = (
				CD9E1CF528BA74DE001E07CF /* PBXTargetDependency */,
			);
			name = newsAppUITests;
			productName = newsAppUITests;
			productReference = CD9E1CF328BA74DE001E07CF /* newsAppUITests.xctest */;
			productType = "com.apple.product-type.bundle.ui-testing";
		};
/* End PBXNativeTarget section */

/* Begin PBXProject section */
		CD9E1CCB28BA74DD001E07CF /* Project object */ = {
			isa = PBXProject;
			attributes = {
				BuildIndependentTargetsInParallel = 1;
				LastSwiftUpdateCheck = 1340;
				LastUpgradeCheck = 1340;
				TargetAttributes = {
					CD9E1CD228BA74DD001E07CF = {
						CreatedOnToolsVersion = 13.4.1;
					};
					CD9E1CE828BA74DE001E07CF = {
						CreatedOnToolsVersion = 13.4.1;
						TestTargetID = CD9E1CD228BA74DD001E07CF;
					};
					CD9E1CF228BA74DE001E07CF = {
						CreatedOnToolsVersion = 13.4.1;
						TestTargetID = CD9E1CD228BA74DD001E07CF;
					};
				};
			};
			buildConfigurationList = CD9E1CCE28BA74DD001E07CF /* Build configuration list for PBXProject "newsApp" */;
			compatibilityVersion = "Xcode 13.0";
			developmentRegion = en;
			hasScannedForEncodings = 0;
			knownRegions = (
				en,
				Base,
			);
			mainGroup = CD9E1CCA28BA74DD001E07CF;
			productRefGroup = CD9E1CD428BA74DD001E07CF /* Products */;
			projectDirPath = "";
			projectRoot = "";
			targets = (
				CD9E1CD228BA74DD001E07CF /* newsApp */,
				CD9E1CE828BA74DE001E07CF /* newsAppTests */,
				CD9E1CF228BA74DE001E07CF /* newsAppUITests */,
			);
		};
/* End PBXProject section */

/* Begin PBXResourcesBuildPhase section */
		CD9E1CD128BA74DD001E07CF /* Resources */ = {
			isa = PBXResourcesBuildPhase;
			buildActionMask = 2147483647;
			files = (
				CD9E1CE328BA74DE001E07CF /* LaunchScreen.storyboard in Resources */,
				CD9E1CE028BA74DE001E07CF /* Assets.xcassets in Resources */,
				CD9E1CDE28BA74DD001E07CF /* Main.storyboard in Resources */,
			);
			runOnlyForDeploymentPostprocessing = 0;
		};
		CD9E1CE728BA74DE001E07CF /* Resources */ = {
			isa = PBXResourcesBuildPhase;
			buildActionMask = 2147483647;
			files = (
			);
			runOnlyForDeploymentPostprocessing = 0;
		};
		CD9E1CF128BA74DE001E07CF /* Resources */ = {
			isa = PBXResourcesBuildPhase;
			buildActionMask = 2147483647;
			files = (
			);
			runOnlyForDeploymentPostprocessing = 0;
		};
/* End PBXResourcesBuildPhase section */

/* Begin PBXSourcesBuildPhase section */
		CD9E1CCF28BA74DD001E07CF /* Sources */ = {
			isa = PBXSourcesBuildPhase;
			buildActionMask = 2147483647;
			files = (
				CD9E1CDB28BA74DD001E07CF /* ViewController.swift in Sources */,
				CD9E1CD728BA74DD001E07CF /* AppDelegate.swift in Sources */,
				CD9E1CD928BA74DD001E07CF /* SceneDelegate.swift in Sources */,
			);
			runOnlyForDeploymentPostprocessing = 0;
		};
		CD9E1CE528BA74DE001E07CF /* Sources */ = {
			isa = PBXSourcesBuildPhase;
			buildActionMask = 2147483647;
			files = (
				CD9E1CEE28BA74DE001E07CF /* newsAppTests.swift in Sources */,
			);
			runOnlyForDeploymentPostprocessing = 0;
		};
		CD9E1CEF28BA74DE001E07CF /* Sources */ = {
			isa = PBXSourcesBuildPhase;
			buildActionMask = 2147483647;
			files = (
				CD9E1CF828BA74DE001E07CF /* newsAppUITests.swift in Sources */,
				CD9E1CFA28BA74DE001E07CF /* newsAppUITestsLaunchTests.swift in Sources */,
			);
			runOnlyForDeploymentPostprocessing = 0;
		};
/* End PBXSourcesBuildPhase section */

/* Begin PBXTargetDependency section */
		CD9E1CEB28BA74DE001E07CF /* PBXTargetDependency */ = {
			isa = PBXTargetDependency;
			target = CD9E1CD228BA74DD001E07CF /* newsApp */;
			targetProxy = CD9E1CEA28BA74DE001E07CF /* PBXContainerItemProxy */;
		};
		CD9E1CF528BA74DE001E07CF /* PBXTargetDependency */ = {
			isa = PBXTargetDependency;
			target = CD9E1CD228BA74DD001E07CF /* newsApp */;
			targetProxy = CD9E1CF428BA74DE001E07CF /* PBXContainerItemProxy */;
		};
/* End PBXTargetDependency section */

/* Begin PBXVariantGroup section */
		CD9E1CDC28BA74DD001E07CF /* Main.storyboard */ = {
			isa = PBXVariantGroup;
			children = (
				CD9E1CDD28BA74DD001E07CF /* Base */,
			);
			name = Main.storyboard;
			sourceTree = "<group>";
		};
		CD9E1CE128BA74DE001E07CF /* LaunchScreen.storyboard */ = {
			isa = PBXVariantGroup;
			children = (
				CD9E1CE228BA74DE001E07CF /* Base */,
			);
			name = LaunchScreen.storyboard;
			sourceTree = "<group>";
		};
/* End PBXVariantGroup section */

/* Begin XCBuildConfiguration section */
		CD9E1CFB28BA74DE001E07CF /* Debug */ = {
			isa = XCBuildConfiguration;
			buildSettings = {
				ALWAYS_SEARCH_USER_PATHS = NO;
				CLANG_ANALYZER_NONNULL = YES;
				CLANG_ANALYZER_NUMBER_OBJECT_CONVERSION = YES_AGGRESSIVE;
				CLANG_CXX_LANGUAGE_STANDARD = "gnu++17";
				CLANG_ENABLE_MODULES = YES;
				CLANG_ENABLE_OBJC_ARC = YES;
				CLANG_ENABLE_OBJC_WEAK = YES;
				CLANG_WARN_BLOCK_CAPTURE_AUTORELEASING = YES;
				CLANG_WARN_BOOL_CONVERSION = YES;
				CLANG_WARN_COMMA = YES;
				CLANG_WARN_CONSTANT_CONVERSION = YES;
				CLANG_WARN_DEPRECATED_OBJC_IMPLEMENTATIONS = YES;
				CLANG_WARN_DIRECT_OBJC_ISA_USAGE = YES_ERROR;
				CLANG_WARN_DOCUMENTATION_COMMENTS = YES;
				CLANG_WARN_EMPTY_BODY = YES;
				CLANG_WARN_ENUM_CONVERSION = YES;
				CLANG_WARN_INFINITE_RECURSION = YES;
				CLANG_WARN_INT_CONVERSION = YES;
				CLANG_WARN_NON_LITERAL_NULL_CONVERSION = YES;
				CLANG_WARN_OBJC_IMPLICIT_RETAIN_SELF = YES;
				CLANG_WARN_OBJC_LITERAL_CONVERSION = YES;
				CLANG_WARN_OBJC_ROOT_CLASS = YES_ERROR;
				CLANG_WARN_QUOTED_INCLUDE_IN_FRAMEWORK_HEADER = YES;
				CLANG_WARN_RANGE_LOOP_ANALYSIS = YES;
				CLANG_WARN_STRICT_PROTOTYPES = YES;
				CLANG_WARN_SUSPICIOUS_MOVE = YES;
				CLANG_WARN_UNGUARDED_AVAILABILITY = YES_AGGRESSIVE;
				CLANG_WARN_UNREACHABLE_CODE = YES;
				CLANG_WARN__DUPLICATE_METHOD_MATCH = YES;
				COPY_PHASE_STRIP = NO;
				DEBUG_INFORMATION_FORMAT = dwarf;
				ENABLE_STRICT_OBJC_MSGSEND = YES;
				ENABLE_TESTABILITY = YES;
				GCC_C_LANGUAGE_STANDARD = gnu11;
				GCC_DYNAMIC_NO_PIC = NO;
				GCC_NO_COMMON_BLOCKS = YES;
				GCC_OPTIMIZATION_LEVEL = 0;
				GCC_PREPROCESSOR_DEFINITIONS = (
					"DEBUG=1",
					"$(inherited)",
				);
				GCC_WARN_64_TO_32_BIT_CONVERSION = YES;
				GCC_WARN_ABOUT_RETURN_TYPE = YES_ERROR;
				GCC_WARN_UNDECLARED_SELECTOR = YES;
				GCC_WARN_UNINITIALIZED_AUTOS = YES_AGGRESSIVE;
				GCC_WARN_UNUSED_FUNCTION = YES;
				GCC_WARN_UNUSED_VARIABLE = YES;
				IPHONEOS_DEPLOYMENT_TARGET = 15.5;
				MTL_ENABLE_DEBUG_INFO = INCLUDE_SOURCE;
				MTL_FAST_MATH = YES;
				ONLY_ACTIVE_ARCH = YES;
				SDKROOT = iphoneos;
				SWIFT_ACTIVE_COMPILATION_CONDITIONS = DEBUG;
				SWIFT_OPTIMIZATION_LEVEL = "-Onone";
			};
			name = Debug;
		};
		CD9E1CFC28BA74DE001E07CF /* Release */ = {
			isa = XCBuildConfiguration;
			buildSettings = {
				ALWAYS_SEARCH_USER_PATHS = NO;
				CLANG_ANALYZER_NONNULL = YES;
				CLANG_ANALYZER_NUMBER_OBJECT_CONVERSION = YES_AGGRESSIVE;
				CLANG_CXX_LANGUAGE_STANDARD = "gnu++17";
				CLANG_ENABLE_MODULES = YES;
				CLANG_ENABLE_OBJC_ARC = YES;
				CLANG_ENABLE_OBJC_WEAK = YES;
				CLANG_WARN_BLOCK_CAPTURE_AUTORELEASING = YES;
				CLANG_WARN_BOOL_CONVERSION = YES;
				CLANG_WARN_COMMA = YES;
				CLANG_WARN_CONSTANT_CONVERSION = YES;
				CLANG_WARN_DEPRECATED_OBJC_IMPLEMENTATIONS = YES;
				CLANG_WARN_DIRECT_OBJC_ISA_USAGE = YES_ERROR;
				CLANG_WARN_DOCUMENTATION_COMMENTS = YES;
				CLANG_WARN_EMPTY_BODY = YES;
				CLANG_WARN_ENUM_CONVERSION = YES;
				CLANG_WARN_INFINITE_RECURSION = YES;
				CLANG_WARN_INT_CONVERSION = YES;
				CLANG_WARN_NON_LITERAL_NULL_CONVERSION = YES;
				CLANG_WARN_OBJC_IMPLICIT_RETAIN_SELF = YES;
				CLANG_WARN_OBJC_LITERAL_CONVERSION = YES;
				CLANG_WARN_OBJC_ROOT_CLASS = YES_ERROR;
				CLANG_WARN_QUOTED_INCLUDE_IN_FRAMEWORK_HEADER = YES;
				CLANG_WARN_RANGE_LOOP_ANALYSIS = YES;
				CLANG_WARN_STRICT_PROTOTYPES = YES;
				CLANG_WARN_SUSPICIOUS_MOVE = YES;
				CLANG_WARN_UNGUARDED_AVAILABILITY = YES_AGGRESSIVE;
				CLANG_WARN_UNREACHABLE_CODE = YES;
				CLANG_WARN__DUPLICATE_METHOD_MATCH = YES;
				COPY_PHASE_STRIP = NO;
				DEBUG_INFORMATION_FORMAT = "dwarf-with-dsym";
				ENABLE_NS_ASSERTIONS = NO;
				ENABLE_STRICT_OBJC_MSGSEND = YES;
				GCC_C_LANGUAGE_STANDARD = gnu11;
				GCC_NO_COMMON_BLOCKS = YES;
				GCC_WARN_64_TO_32_BIT_CONVERSION = YES;
				GCC_WARN_ABOUT_RETURN_TYPE = YES_ERROR;
				GCC_WARN_UNDECLARED_SELECTOR = YES;
				GCC_WARN_UNINITIALIZED_AUTOS = YES_AGGRESSIVE;
				GCC_WARN_UNUSED_FUNCTION = YES;
				GCC_WARN_UNUSED_VARIABLE = YES;
				IPHONEOS_DEPLOYMENT_TARGET = 15.5;
				MTL_ENABLE_DEBUG_INFO = NO;
				MTL_FAST_MATH = YES;
				SDKROOT = iphoneos;
				SWIFT_COMPILATION_MODE = wholemodule;
				SWIFT_OPTIMIZATION_LEVEL = "-O";
				VALIDATE_PRODUCT = YES;
			};
			name = Release;
		};
		CD9E1CFE28BA74DE001E07CF /* Debug */ = {
			isa = XCBuildConfiguration;
			buildSettings = {
				ASSETCATALOG_COMPILER_APPICON_NAME = AppIcon;
				ASSETCATALOG_COMPILER_GLOBAL_ACCENT_COLOR_NAME = AccentColor;
				CODE_SIGN_STYLE = Automatic;
				CURRENT_PROJECT_VERSION = 1;
				GENERATE_INFOPLIST_FILE = YES;
				INFOPLIST_FILE = newsApp/Info.plist;
				INFOPLIST_KEY_UIApplicationSupportsIndirectInputEvents = YES;
				INFOPLIST_KEY_UILaunchStoryboardName = LaunchScreen;
				INFOPLIST_KEY_UIMainStoryboardFile = Main;
				INFOPLIST_KEY_UISupportedInterfaceOrientations_iPad = "UIInterfaceOrientationPortrait UIInterfaceOrientationPortraitUpsideDown UIInterfaceOrientationLandscapeLeft UIInterfaceOrientationLandscapeRight";
				INFOPLIST_KEY_UISupportedInterfaceOrientations_iPhone = "UIInterfaceOrientationPortrait UIInterfaceOrientationLandscapeLeft UIInterfaceOrientationLandscapeRight";
				LD_RUNPATH_SEARCH_PATHS = (
					"$(inherited)",
					"@executable_path/Frameworks",
				);
				MARKETING_VERSION = 1.0;
				PRODUCT_BUNDLE_IDENTIFIER = jisukim.newsApp;
				PRODUCT_NAME = "$(TARGET_NAME)";
				SWIFT_EMIT_LOC_STRINGS = YES;
				SWIFT_VERSION = 5.0;
				TARGETED_DEVICE_FAMILY = "1,2";
			};
			name = Debug;
		};
		CD9E1CFF28BA74DE001E07CF /* Release */ = {
			isa = XCBuildConfiguration;
			buildSettings = {
				ASSETCATALOG_COMPILER_APPICON_NAME = AppIcon;
				ASSETCATALOG_COMPILER_GLOBAL_ACCENT_COLOR_NAME = AccentColor;
				CODE_SIGN_STYLE = Automatic;
				CURRENT_PROJECT_VERSION = 1;
				GENERATE_INFOPLIST_FILE = YES;
				INFOPLIST_FILE = newsApp/Info.plist;
				INFOPLIST_KEY_UIApplicationSupportsIndirectInputEvents = YES;
				INFOPLIST_KEY_UILaunchStoryboardName = LaunchScreen;
				INFOPLIST_KEY_UIMainStoryboardFile = Main;
				INFOPLIST_KEY_UISupportedInterfaceOrientations_iPad = "UIInterfaceOrientationPortrait UIInterfaceOrientationPortraitUpsideDown UIInterfaceOrientationLandscapeLeft UIInterfaceOrientationLandscapeRight";
				INFOPLIST_KEY_UISupportedInterfaceOrientations_iPhone = "UIInterfaceOrientationPortrait UIInterfaceOrientationLandscapeLeft UIInterfaceOrientationLandscapeRight";
				LD_RUNPATH_SEARCH_PATHS = (
					"$(inherited)",
					"@executable_path/Frameworks",
				);
				MARKETING_VERSION = 1.0;
				PRODUCT_BUNDLE_IDENTIFIER = jisukim.newsApp;
				PRODUCT_NAME = "$(TARGET_NAME)";
				SWIFT_EMIT_LOC_STRINGS = YES;
				SWIFT_VERSION = 5.0;
				TARGETED_DEVICE_FAMILY = "1,2";
			};
			name = Release;
		};
		CD9E1D0128BA74DE001E07CF /* Debug */ = {
			isa = XCBuildConfiguration;
			buildSettings = {
				ALWAYS_EMBED_SWIFT_STANDARD_LIBRARIES = YES;
				BUNDLE_LOADER = "$(TEST_HOST)";
				CODE_SIGN_STYLE = Automatic;
				CURRENT_PROJECT_VERSION = 1;
				GENERATE_INFOPLIST_FILE = YES;
				IPHONEOS_DEPLOYMENT_TARGET = 15.5;
				MARKETING_VERSION = 1.0;
				PRODUCT_BUNDLE_IDENTIFIER = jisukim.newsAppTests;
				PRODUCT_NAME = "$(TARGET_NAME)";
				SWIFT_EMIT_LOC_STRINGS = NO;
				SWIFT_VERSION = 5.0;
				TARGETED_DEVICE_FAMILY = "1,2";
				TEST_HOST = "$(BUILT_PRODUCTS_DIR)/newsApp.app/newsApp";
			};
			name = Debug;
		};
		CD9E1D0228BA74DE001E07CF /* Release */ = {
			isa = XCBuildConfiguration;
			buildSettings = {
				ALWAYS_EMBED_SWIFT_STANDARD_LIBRARIES = YES;
				BUNDLE_LOADER = "$(TEST_HOST)";
				CODE_SIGN_STYLE = Automatic;
				CURRENT_PROJECT_VERSION = 1;
				GENERATE_INFOPLIST_FILE = YES;
				IPHONEOS_DEPLOYMENT_TARGET = 15.5;
				MARKETING_VERSION = 1.0;
				PRODUCT_BUNDLE_IDENTIFIER = jisukim.newsAppTests;
				PRODUCT_NAME = "$(TARGET_NAME)";
				SWIFT_EMIT_LOC_STRINGS = NO;
				SWIFT_VERSION = 5.0;
				TARGETED_DEVICE_FAMILY = "1,2";
				TEST_HOST = "$(BUILT_PRODUCTS_DIR)/newsApp.app/newsApp";
			};
			name = Release;
		};
		CD9E1D0428BA74DE001E07CF /* Debug */ = {
			isa = XCBuildConfiguration;
			buildSettings = {
				ALWAYS_EMBED_SWIFT_STANDARD_LIBRARIES = YES;
				CODE_SIGN_STYLE = Automatic;
				CURRENT_PROJECT_VERSION = 1;
				GENERATE_INFOPLIST_FILE = YES;
				MARKETING_VERSION = 1.0;
				PRODUCT_BUNDLE_IDENTIFIER = jisukim.newsAppUITests;
				PRODUCT_NAME = "$(TARGET_NAME)";
				SWIFT_EMIT_LOC_STRINGS = NO;
				SWIFT_VERSION = 5.0;
				TARGETED_DEVICE_FAMILY = "1,2";
				TEST_TARGET_NAME = newsApp;
			};
			name = Debug;
		};
		CD9E1D0528BA74DE001E07CF /* Release */ = {
			isa = XCBuildConfiguration;
			buildSettings = {
				ALWAYS_EMBED_SWIFT_STANDARD_LIBRARIES = YES;
				CODE_SIGN_STYLE = Automatic;
				CURRENT_PROJECT_VERSION = 1;
				GENERATE_INFOPLIST_FILE = YES;
				MARKETING_VERSION = 1.0;
				PRODUCT_BUNDLE_IDENTIFIER = jisukim.newsAppUITests;
				PRODUCT_NAME = "$(TARGET_NAME)";
				SWIFT_EMIT_LOC_STRINGS = NO;
				SWIFT_VERSION = 5.0;
				TARGETED_DEVICE_FAMILY = "1,2";
				TEST_TARGET_NAME = newsApp;
			};
			name = Release;
		};
/* End XCBuildConfiguration section */

/* Begin XCConfigurationList section */
		CD9E1CCE28BA74DD001E07CF /* Build configuration list for PBXProject "newsApp" */ = {
			isa = XCConfigurationList;
			buildConfigurations = (
				CD9E1CFB28BA74DE001E07CF /* Debug */,
				CD9E1CFC28BA74DE001E07CF /* Release */,
			);
			defaultConfigurationIsVisible = 0;
			defaultConfigurationName = Release;
		};
		CD9E1CFD28BA74DE001E07CF /* Build configuration list for PBXNativeTarget "newsApp" */ = {
			isa = XCConfigurationList;
			buildConfigurations = (
				CD9E1CFE28BA74DE001E07CF /* Debug */,
				CD9E1CFF28BA74DE001E07CF /* Release */,
			);
			defaultConfigurationIsVisible = 0;
			defaultConfigurationName = Release;
		};
		CD9E1D0028BA74DE001E07CF /* Build configuration list for PBXNativeTarget "newsAppTests" */ = {
			isa = XCConfigurationList;
			buildConfigurations = (
				CD9E1D0128BA74DE001E07CF /* Debug */,
				CD9E1D0228BA74DE001E07CF /* Release */,
			);
			defaultConfigurationIsVisible = 0;
			defaultConfigurationName = Release;
		};
		CD9E1D0328BA74DE001E07CF /* Build configuration list for PBXNativeTarget "newsAppUITests" */ = {
			isa = XCConfigurationList;
			buildConfigurations = (
				CD9E1D0428BA74DE001E07CF /* Debug */,
				CD9E1D0528BA74DE001E07CF /* Release */,
			);
			defaultConfigurationIsVisible = 0;
			defaultConfigurationName = Release;
		};
/* End XCConfigurationList section */
	};
	rootObject = CD9E1CCB28BA74DD001E07CF /* Project object */;
}
