// !$*UTF8*$!
{
	archiveVersion = 1;
	classes = {
	};
	objectVersion = 55;
	objects = {

/* Begin PBXBuildFile section */
		CD54809528E05B98005292D5 /* BMICalculatorManager.swift in Sources */ = {isa = PBXBuildFile; fileRef = CD54809428E05B98005292D5 /* BMICalculatorManager.swift */; };
		CD54809728E06415005292D5 /* BMI.swift in Sources */ = {isa = PBXBuildFile; fileRef = CD54809628E06415005292D5 /* BMI.swift */; };
		CD69580028DFF5EC003DB174 /* AppDelegate.swift in Sources */ = {isa = PBXBuildFile; fileRef = CD6957FF28DFF5EC003DB174 /* AppDelegate.swift */; };
		CD69580228DFF5EC003DB174 /* SceneDelegate.swift in Sources */ = {isa = PBXBuildFile; fileRef = CD69580128DFF5EC003DB174 /* SceneDelegate.swift */; };
		CD69580428DFF5EC003DB174 /* MainViewController.swift in Sources */ = {isa = PBXBuildFile; fileRef = CD69580328DFF5EC003DB174 /* MainViewController.swift */; };
		CD69580728DFF5EC003DB174 /* Main.storyboard in Resources */ = {isa = PBXBuildFile; fileRef = CD69580528DFF5EC003DB174 /* Main.storyboard */; };
		CD69580928DFF5ED003DB174 /* Assets.xcassets in Resources */ = {isa = PBXBuildFile; fileRef = CD69580828DFF5ED003DB174 /* Assets.xcassets */; };
		CD69580C28DFF5ED003DB174 /* LaunchScreen.storyboard in Resources */ = {isa = PBXBuildFile; fileRef = CD69580A28DFF5ED003DB174 /* LaunchScreen.storyboard */; };
		CD69581628DFF8A6003DB174 /* ResultViewController.swift in Sources */ = {isa = PBXBuildFile; fileRef = CD69581528DFF8A6003DB174 /* ResultViewController.swift */; };
/* End PBXBuildFile section */

/* Begin PBXFileReference section */
		CD54809428E05B98005292D5 /* BMICalculatorManager.swift */ = {isa = PBXFileReference; lastKnownFileType = sourcecode.swift; path = BMICalculatorManager.swift; sourceTree = "<group>"; };
		CD54809628E06415005292D5 /* BMI.swift */ = {isa = PBXFileReference; lastKnownFileType = sourcecode.swift; path = BMI.swift; sourceTree = "<group>"; };
		CD6957FC28DFF5EC003DB174 /* BMI_Cal.app */ = {isa = PBXFileReference; explicitFileType = wrapper.application; includeInIndex = 0; path = BMI_Cal.app; sourceTree = BUILT_PRODUCTS_DIR; };
		CD6957FF28DFF5EC003DB174 /* AppDelegate.swift */ = {isa = PBXFileReference; lastKnownFileType = sourcecode.swift; path = AppDelegate.swift; sourceTree = "<group>"; };
		CD69580128DFF5EC003DB174 /* SceneDelegate.swift */ = {isa = PBXFileReference; lastKnownFileType = sourcecode.swift; path = SceneDelegate.swift; sourceTree = "<group>"; };
		CD69580328DFF5EC003DB174 /* MainViewController.swift */ = {isa = PBXFileReference; lastKnownFileType = sourcecode.swift; path = MainViewController.swift; sourceTree = "<group>"; };
		CD69580628DFF5EC003DB174 /* Base */ = {isa = PBXFileReference; lastKnownFileType = file.storyboard; name = Base; path = Base.lproj/Main.storyboard; sourceTree = "<group>"; };
		CD69580828DFF5ED003DB174 /* Assets.xcassets */ = {isa = PBXFileReference; lastKnownFileType = folder.assetcatalog; path = Assets.xcassets; sourceTree = "<group>"; };
		CD69580B28DFF5ED003DB174 /* Base */ = {isa = PBXFileReference; lastKnownFileType = file.storyboard; name = Base; path = Base.lproj/LaunchScreen.storyboard; sourceTree = "<group>"; };
		CD69580D28DFF5ED003DB174 /* Info.plist */ = {isa = PBXFileReference; lastKnownFileType = text.plist.xml; path = Info.plist; sourceTree = "<group>"; };
		CD69581528DFF8A6003DB174 /* ResultViewController.swift */ = {isa = PBXFileReference; lastKnownFileType = sourcecode.swift; path = ResultViewController.swift; sourceTree = "<group>"; };
/* End PBXFileReference section */

/* Begin PBXFrameworksBuildPhase section */
		CD6957F928DFF5EC003DB174 /* Frameworks */ = {
			isa = PBXFrameworksBuildPhase;
			buildActionMask = 2147483647;
			files = (
			);
			runOnlyForDeploymentPostprocessing = 0;
		};
/* End PBXFrameworksBuildPhase section */

/* Begin PBXGroup section */
		CD54809128E05AFD005292D5 /* Models */ = {
			isa = PBXGroup;
			children = (
				CD54809628E06415005292D5 /* BMI.swift */,
				CD54809428E05B98005292D5 /* BMICalculatorManager.swift */,
			);
			path = Models;
			sourceTree = "<group>";
		};
		CD54809228E05B06005292D5 /* Views */ = {
			isa = PBXGroup;
			children = (
				CD69580528DFF5EC003DB174 /* Main.storyboard */,
			);
			path = Views;
			sourceTree = "<group>";
		};
		CD54809328E05B0D005292D5 /* Controllers */ = {
			isa = PBXGroup;
			children = (
				CD69580328DFF5EC003DB174 /* MainViewController.swift */,
				CD69581528DFF8A6003DB174 /* ResultViewController.swift */,
			);
			path = Controllers;
			sourceTree = "<group>";
		};
		CD6957F328DFF5EC003DB174 = {
			isa = PBXGroup;
			children = (
				CD6957FE28DFF5EC003DB174 /* BMI_Cal */,
				CD6957FD28DFF5EC003DB174 /* Products */,
			);
			sourceTree = "<group>";
		};
		CD6957FD28DFF5EC003DB174 /* Products */ = {
			isa = PBXGroup;
			children = (
				CD6957FC28DFF5EC003DB174 /* BMI_Cal.app */,
			);
			name = Products;
			sourceTree = "<group>";
		};
		CD6957FE28DFF5EC003DB174 /* BMI_Cal */ = {
			isa = PBXGroup;
			children = (
				CD6957FF28DFF5EC003DB174 /* AppDelegate.swift */,
				CD69580128DFF5EC003DB174 /* SceneDelegate.swift */,
				CD54809128E05AFD005292D5 /* Models */,
				CD54809228E05B06005292D5 /* Views */,
				CD54809328E05B0D005292D5 /* Controllers */,
				CD69580828DFF5ED003DB174 /* Assets.xcassets */,
				CD69580A28DFF5ED003DB174 /* LaunchScreen.storyboard */,
				CD69580D28DFF5ED003DB174 /* Info.plist */,
			);
			path = BMI_Cal;
			sourceTree = "<group>";
		};
/* End PBXGroup section */

/* Begin PBXNativeTarget section */
		CD6957FB28DFF5EC003DB174 /* BMI_Cal */ = {
			isa = PBXNativeTarget;
			buildConfigurationList = CD69581028DFF5ED003DB174 /* Build configuration list for PBXNativeTarget "BMI_Cal" */;
			buildPhases = (
				CD6957F828DFF5EC003DB174 /* Sources */,
				CD6957F928DFF5EC003DB174 /* Frameworks */,
				CD6957FA28DFF5EC003DB174 /* Resources */,
			);
			buildRules = (
			);
			dependencies = (
			);
			name = BMI_Cal;
			productName = BMI_Cal;
			productReference = CD6957FC28DFF5EC003DB174 /* BMI_Cal.app */;
			productType = "com.apple.product-type.application";
		};
/* End PBXNativeTarget section */

/* Begin PBXProject section */
		CD6957F428DFF5EC003DB174 /* Project object */ = {
			isa = PBXProject;
			attributes = {
				BuildIndependentTargetsInParallel = 1;
				LastSwiftUpdateCheck = 1340;
				LastUpgradeCheck = 1340;
				TargetAttributes = {
					CD6957FB28DFF5EC003DB174 = {
						CreatedOnToolsVersion = 13.4.1;
					};
				};
			};
			buildConfigurationList = CD6957F728DFF5EC003DB174 /* Build configuration list for PBXProject "BMI_Cal" */;
			compatibilityVersion = "Xcode 13.0";
			developmentRegion = en;
			hasScannedForEncodings = 0;
			knownRegions = (
				en,
				Base,
			);
			mainGroup = CD6957F328DFF5EC003DB174;
			productRefGroup = CD6957FD28DFF5EC003DB174 /* Products */;
			projectDirPath = "";
			projectRoot = "";
			targets = (
				CD6957FB28DFF5EC003DB174 /* BMI_Cal */,
			);
		};
/* End PBXProject section */

/* Begin PBXResourcesBuildPhase section */
		CD6957FA28DFF5EC003DB174 /* Resources */ = {
			isa = PBXResourcesBuildPhase;
			buildActionMask = 2147483647;
			files = (
				CD69580C28DFF5ED003DB174 /* LaunchScreen.storyboard in Resources */,
				CD69580928DFF5ED003DB174 /* Assets.xcassets in Resources */,
				CD69580728DFF5EC003DB174 /* Main.storyboard in Resources */,
			);
			runOnlyForDeploymentPostprocessing = 0;
		};
/* End PBXResourcesBuildPhase section */

/* Begin PBXSourcesBuildPhase section */
		CD6957F828DFF5EC003DB174 /* Sources */ = {
			isa = PBXSourcesBuildPhase;
			buildActionMask = 2147483647;
			files = (
				CD69580428DFF5EC003DB174 /* MainViewController.swift in Sources */,
				CD69580028DFF5EC003DB174 /* AppDelegate.swift in Sources */,
				CD69580228DFF5EC003DB174 /* SceneDelegate.swift in Sources */,
				CD54809528E05B98005292D5 /* BMICalculatorManager.swift in Sources */,
				CD54809728E06415005292D5 /* BMI.swift in Sources */,
				CD69581628DFF8A6003DB174 /* ResultViewController.swift in Sources */,
			);
			runOnlyForDeploymentPostprocessing = 0;
		};
/* End PBXSourcesBuildPhase section */

/* Begin PBXVariantGroup section */
		CD69580528DFF5EC003DB174 /* Main.storyboard */ = {
			isa = PBXVariantGroup;
			children = (
				CD69580628DFF5EC003DB174 /* Base */,
			);
			name = Main.storyboard;
			sourceTree = "<group>";
		};
		CD69580A28DFF5ED003DB174 /* LaunchScreen.storyboard */ = {
			isa = PBXVariantGroup;
			children = (
				CD69580B28DFF5ED003DB174 /* Base */,
			);
			name = LaunchScreen.storyboard;
			sourceTree = "<group>";
		};
/* End PBXVariantGroup section */

/* Begin XCBuildConfiguration section */
		CD69580E28DFF5ED003DB174 /* Debug */ = {
			isa = XCBuildConfiguration;
			buildSettings = {
				ALWAYS_SEARCH_USER_PATHS = NO;
				CLANG_ANALYZER_NONNULL = YES;
				CLANG_ANALYZER_NUMBER_OBJECT_CONVERSION = YES_AGGRESSIVE;
				CLANG_CXX_LANGUAGE_STANDARD = "gnu++17";
				CLANG_ENABLE_MODULES = YES;
				CLANG_ENABLE_OBJC_ARC = YES;
				CLANG_ENABLE_OBJC_WEAK = YES;
				CLANG_WARN_BLOCK_CAPTURE_AUTORELEASING = YES;
				CLANG_WARN_BOOL_CONVERSION = YES;
				CLANG_WARN_COMMA = YES;
				CLANG_WARN_CONSTANT_CONVERSION = YES;
				CLANG_WARN_DEPRECATED_OBJC_IMPLEMENTATIONS = YES;
				CLANG_WARN_DIRECT_OBJC_ISA_USAGE = YES_ERROR;
				CLANG_WARN_DOCUMENTATION_COMMENTS = YES;
				CLANG_WARN_EMPTY_BODY = YES;
				CLANG_WARN_ENUM_CONVERSION = YES;
				CLANG_WARN_INFINITE_RECURSION = YES;
				CLANG_WARN_INT_CONVERSION = YES;
				CLANG_WARN_NON_LITERAL_NULL_CONVERSION = YES;
				CLANG_WARN_OBJC_IMPLICIT_RETAIN_SELF = YES;
				CLANG_WARN_OBJC_LITERAL_CONVERSION = YES;
				CLANG_WARN_OBJC_ROOT_CLASS = YES_ERROR;
				CLANG_WARN_QUOTED_INCLUDE_IN_FRAMEWORK_HEADER = YES;
				CLANG_WARN_RANGE_LOOP_ANALYSIS = YES;
				CLANG_WARN_STRICT_PROTOTYPES = YES;
				CLANG_WARN_SUSPICIOUS_MOVE = YES;
				CLANG_WARN_UNGUARDED_AVAILABILITY = YES_AGGRESSIVE;
				CLANG_WARN_UNREACHABLE_CODE = YES;
				CLANG_WARN__DUPLICATE_METHOD_MATCH = YES;
				COPY_PHASE_STRIP = NO;
				DEBUG_INFORMATION_FORMAT = dwarf;
				ENABLE_STRICT_OBJC_MSGSEND = YES;
				ENABLE_TESTABILITY = YES;
				GCC_C_LANGUAGE_STANDARD = gnu11;
				GCC_DYNAMIC_NO_PIC = NO;
				GCC_NO_COMMON_BLOCKS = YES;
				GCC_OPTIMIZATION_LEVEL = 0;
				GCC_PREPROCESSOR_DEFINITIONS = (
					"DEBUG=1",
					"$(inherited)",
				);
				GCC_WARN_64_TO_32_BIT_CONVERSION = YES;
				GCC_WARN_ABOUT_RETURN_TYPE = YES_ERROR;
				GCC_WARN_UNDECLARED_SELECTOR = YES;
				GCC_WARN_UNINITIALIZED_AUTOS = YES_AGGRESSIVE;
				GCC_WARN_UNUSED_FUNCTION = YES;
				GCC_WARN_UNUSED_VARIABLE = YES;
				IPHONEOS_DEPLOYMENT_TARGET = 15.5;
				MTL_ENABLE_DEBUG_INFO = INCLUDE_SOURCE;
				MTL_FAST_MATH = YES;
				ONLY_ACTIVE_ARCH = YES;
				SDKROOT = iphoneos;
				SWIFT_ACTIVE_COMPILATION_CONDITIONS = DEBUG;
				SWIFT_OPTIMIZATION_LEVEL = "-Onone";
			};
			name = Debug;
		};
		CD69580F28DFF5ED003DB174 /* Release */ = {
			isa = XCBuildConfiguration;
			buildSettings = {
				ALWAYS_SEARCH_USER_PATHS = NO;
				CLANG_ANALYZER_NONNULL = YES;
				CLANG_ANALYZER_NUMBER_OBJECT_CONVERSION = YES_AGGRESSIVE;
				CLANG_CXX_LANGUAGE_STANDARD = "gnu++17";
				CLANG_ENABLE_MODULES = YES;
				CLANG_ENABLE_OBJC_ARC = YES;
				CLANG_ENABLE_OBJC_WEAK = YES;
				CLANG_WARN_BLOCK_CAPTURE_AUTORELEASING = YES;
				CLANG_WARN_BOOL_CONVERSION = YES;
				CLANG_WARN_COMMA = YES;
				CLANG_WARN_CONSTANT_CONVERSION = YES;
				CLANG_WARN_DEPRECATED_OBJC_IMPLEMENTATIONS = YES;
				CLANG_WARN_DIRECT_OBJC_ISA_USAGE = YES_ERROR;
				CLANG_WARN_DOCUMENTATION_COMMENTS = YES;
				CLANG_WARN_EMPTY_BODY = YES;
				CLANG_WARN_ENUM_CONVERSION = YES;
				CLANG_WARN_INFINITE_RECURSION = YES;
				CLANG_WARN_INT_CONVERSION = YES;
				CLANG_WARN_NON_LITERAL_NULL_CONVERSION = YES;
				CLANG_WARN_OBJC_IMPLICIT_RETAIN_SELF = YES;
				CLANG_WARN_OBJC_LITERAL_CONVERSION = YES;
				CLANG_WARN_OBJC_ROOT_CLASS = YES_ERROR;
				CLANG_WARN_QUOTED_INCLUDE_IN_FRAMEWORK_HEADER = YES;
				CLANG_WARN_RANGE_LOOP_ANALYSIS = YES;
				CLANG_WARN_STRICT_PROTOTYPES = YES;
				CLANG_WARN_SUSPICIOUS_MOVE = YES;
				CLANG_WARN_UNGUARDED_AVAILABILITY = YES_AGGRESSIVE;
				CLANG_WARN_UNREACHABLE_CODE = YES;
				CLANG_WARN__DUPLICATE_METHOD_MATCH = YES;
				COPY_PHASE_STRIP = NO;
				DEBUG_INFORMATION_FORMAT = "dwarf-with-dsym";
				ENABLE_NS_ASSERTIONS = NO;
				ENABLE_STRICT_OBJC_MSGSEND = YES;
				GCC_C_LANGUAGE_STANDARD = gnu11;
				GCC_NO_COMMON_BLOCKS = YES;
				GCC_WARN_64_TO_32_BIT_CONVERSION = YES;
				GCC_WARN_ABOUT_RETURN_TYPE = YES_ERROR;
				GCC_WARN_UNDECLARED_SELECTOR = YES;
				GCC_WARN_UNINITIALIZED_AUTOS = YES_AGGRESSIVE;
				GCC_WARN_UNUSED_FUNCTION = YES;
				GCC_WARN_UNUSED_VARIABLE = YES;
				IPHONEOS_DEPLOYMENT_TARGET = 15.5;
				MTL_ENABLE_DEBUG_INFO = NO;
				MTL_FAST_MATH = YES;
				SDKROOT = iphoneos;
				SWIFT_COMPILATION_MODE = wholemodule;
				SWIFT_OPTIMIZATION_LEVEL = "-O";
				VALIDATE_PRODUCT = YES;
			};
			name = Release;
		};
		CD69581128DFF5ED003DB174 /* Debug */ = {
			isa = XCBuildConfiguration;
			buildSettings = {
				ASSETCATALOG_COMPILER_APPICON_NAME = AppIcon;
				ASSETCATALOG_COMPILER_GLOBAL_ACCENT_COLOR_NAME = AccentColor;
				CODE_SIGN_STYLE = Automatic;
				CURRENT_PROJECT_VERSION = 1;
				GENERATE_INFOPLIST_FILE = YES;
				INFOPLIST_FILE = BMI_Cal/Info.plist;
				INFOPLIST_KEY_UIApplicationSupportsIndirectInputEvents = YES;
				INFOPLIST_KEY_UILaunchStoryboardName = LaunchScreen;
				INFOPLIST_KEY_UIMainStoryboardFile = Main;
				INFOPLIST_KEY_UISupportedInterfaceOrientations_iPad = "UIInterfaceOrientationPortrait UIInterfaceOrientationPortraitUpsideDown UIInterfaceOrientationLandscapeLeft UIInterfaceOrientationLandscapeRight";
				INFOPLIST_KEY_UISupportedInterfaceOrientations_iPhone = "UIInterfaceOrientationPortrait UIInterfaceOrientationLandscapeLeft UIInterfaceOrientationLandscapeRight";
				IPHONEOS_DEPLOYMENT_TARGET = 14.0;
				LD_RUNPATH_SEARCH_PATHS = (
					"$(inherited)",
					"@executable_path/Frameworks",
				);
				MARKETING_VERSION = 1.0;
				PRODUCT_BUNDLE_IDENTIFIER = "com.jisukim.BMI-Cal";
				PRODUCT_NAME = "$(TARGET_NAME)";
				SWIFT_EMIT_LOC_STRINGS = YES;
				SWIFT_VERSION = 5.0;
				TARGETED_DEVICE_FAMILY = 1;
			};
			name = Debug;
		};
		CD69581228DFF5ED003DB174 /* Release */ = {
			isa = XCBuildConfiguration;
			buildSettings = {
				ASSETCATALOG_COMPILER_APPICON_NAME = AppIcon;
				ASSETCATALOG_COMPILER_GLOBAL_ACCENT_COLOR_NAME = AccentColor;
				CODE_SIGN_STYLE = Automatic;
				CURRENT_PROJECT_VERSION = 1;
				GENERATE_INFOPLIST_FILE = YES;
				INFOPLIST_FILE = BMI_Cal/Info.plist;
				INFOPLIST_KEY_UIApplicationSupportsIndirectInputEvents = YES;
				INFOPLIST_KEY_UILaunchStoryboardName = LaunchScreen;
				INFOPLIST_KEY_UIMainStoryboardFile = Main;
				INFOPLIST_KEY_UISupportedInterfaceOrientations_iPad = "UIInterfaceOrientationPortrait UIInterfaceOrientationPortraitUpsideDown UIInterfaceOrientationLandscapeLeft UIInterfaceOrientationLandscapeRight";
				INFOPLIST_KEY_UISupportedInterfaceOrientations_iPhone = "UIInterfaceOrientationPortrait UIInterfaceOrientationLandscapeLeft UIInterfaceOrientationLandscapeRight";
				IPHONEOS_DEPLOYMENT_TARGET = 14.0;
				LD_RUNPATH_SEARCH_PATHS = (
					"$(inherited)",
					"@executable_path/Frameworks",
				);
				MARKETING_VERSION = 1.0;
				PRODUCT_BUNDLE_IDENTIFIER = "com.jisukim.BMI-Cal";
				PRODUCT_NAME = "$(TARGET_NAME)";
				SWIFT_EMIT_LOC_STRINGS = YES;
				SWIFT_VERSION = 5.0;
				TARGETED_DEVICE_FAMILY = 1;
			};
			name = Release;
		};
/* End XCBuildConfiguration section */

/* Begin XCConfigurationList section */
		CD6957F728DFF5EC003DB174 /* Build configuration list for PBXProject "BMI_Cal" */ = {
			isa = XCConfigurationList;
			buildConfigurations = (
				CD69580E28DFF5ED003DB174 /* Debug */,
				CD69580F28DFF5ED003DB174 /* Release */,
			);
			defaultConfigurationIsVisible = 0;
			defaultConfigurationName = Release;
		};
		CD69581028DFF5ED003DB174 /* Build configuration list for PBXNativeTarget "BMI_Cal" */ = {
			isa = XCConfigurationList;
			buildConfigurations = (
				CD69581128DFF5ED003DB174 /* Debug */,
				CD69581228DFF5ED003DB174 /* Release */,
			);
			defaultConfigurationIsVisible = 0;
			defaultConfigurationName = Release;
		};
/* End XCConfigurationList section */
	};
	rootObject = CD6957F428DFF5EC003DB174 /* Project object */;
}
