// !$*UTF8*$!
{
	archiveVersion = 1;
	classes = {
	};
	objectVersion = 55;
	objects = {

/* Begin PBXBuildFile section */
		CDDEE3AA28E47F1700818242 /* MovieCell.swift in Sources */ = {isa = PBXBuildFile; fileRef = CDDEE3A928E47F1700818242 /* MovieCell.swift */; };
		CDDEE3AF28E4806000818242 /* Movie.swift in Sources */ = {isa = PBXBuildFile; fileRef = CDDEE3AE28E4806000818242 /* Movie.swift */; };
		CDDEE3B128E488A600818242 /* DataManager.swift in Sources */ = {isa = PBXBuildFile; fileRef = CDDEE3B028E488A600818242 /* DataManager.swift */; };
		CDDEE3B328E4906D00818242 /* DetailViewController.swift in Sources */ = {isa = PBXBuildFile; fileRef = CDDEE3B228E4906D00818242 /* DetailViewController.swift */; };
		CDDEE3B528E4A3EA00818242 /* AddViewController.swift in Sources */ = {isa = PBXBuildFile; fileRef = CDDEE3B428E4A3EA00818242 /* AddViewController.swift */; };
		CDF8875D28E47955008FB47C /* AppDelegate.swift in Sources */ = {isa = PBXBuildFile; fileRef = CDF8875C28E47955008FB47C /* AppDelegate.swift */; };
		CDF8875F28E47955008FB47C /* SceneDelegate.swift in Sources */ = {isa = PBXBuildFile; fileRef = CDF8875E28E47955008FB47C /* SceneDelegate.swift */; };
		CDF8876128E47955008FB47C /* ViewController.swift in Sources */ = {isa = PBXBuildFile; fileRef = CDF8876028E47955008FB47C /* ViewController.swift */; };
		CDF8876428E47955008FB47C /* Main.storyboard in Resources */ = {isa = PBXBuildFile; fileRef = CDF8876228E47955008FB47C /* Main.storyboard */; };
		CDF8876628E47955008FB47C /* Assets.xcassets in Resources */ = {isa = PBXBuildFile; fileRef = CDF8876528E47955008FB47C /* Assets.xcassets */; };
		CDF8876928E47955008FB47C /* LaunchScreen.storyboard in Resources */ = {isa = PBXBuildFile; fileRef = CDF8876728E47955008FB47C /* LaunchScreen.storyboard */; };
/* End PBXBuildFile section */

/* Begin PBXFileReference section */
		CDDEE3A928E47F1700818242 /* MovieCell.swift */ = {isa = PBXFileReference; lastKnownFileType = sourcecode.swift; path = MovieCell.swift; sourceTree = "<group>"; };
		CDDEE3AE28E4806000818242 /* Movie.swift */ = {isa = PBXFileReference; lastKnownFileType = sourcecode.swift; path = Movie.swift; sourceTree = "<group>"; };
		CDDEE3B028E488A600818242 /* DataManager.swift */ = {isa = PBXFileReference; lastKnownFileType = sourcecode.swift; path = DataManager.swift; sourceTree = "<group>"; };
		CDDEE3B228E4906D00818242 /* DetailViewController.swift */ = {isa = PBXFileReference; lastKnownFileType = sourcecode.swift; path = DetailViewController.swift; sourceTree = "<group>"; };
		CDDEE3B428E4A3EA00818242 /* AddViewController.swift */ = {isa = PBXFileReference; lastKnownFileType = sourcecode.swift; path = AddViewController.swift; sourceTree = "<group>"; };
		CDF8875928E47955008FB47C /* TableViewChat.app */ = {isa = PBXFileReference; explicitFileType = wrapper.application; includeInIndex = 0; path = TableViewChat.app; sourceTree = BUILT_PRODUCTS_DIR; };
		CDF8875C28E47955008FB47C /* AppDelegate.swift */ = {isa = PBXFileReference; lastKnownFileType = sourcecode.swift; path = AppDelegate.swift; sourceTree = "<group>"; };
		CDF8875E28E47955008FB47C /* SceneDelegate.swift */ = {isa = PBXFileReference; lastKnownFileType = sourcecode.swift; path = SceneDelegate.swift; sourceTree = "<group>"; };
		CDF8876028E47955008FB47C /* ViewController.swift */ = {isa = PBXFileReference; lastKnownFileType = sourcecode.swift; path = ViewController.swift; sourceTree = "<group>"; };
		CDF8876328E47955008FB47C /* Base */ = {isa = PBXFileReference; lastKnownFileType = file.storyboard; name = Base; path = Base.lproj/Main.storyboard; sourceTree = "<group>"; };
		CDF8876528E47955008FB47C /* Assets.xcassets */ = {isa = PBXFileReference; lastKnownFileType = folder.assetcatalog; path = Assets.xcassets; sourceTree = "<group>"; };
		CDF8876828E47955008FB47C /* Base */ = {isa = PBXFileReference; lastKnownFileType = file.storyboard; name = Base; path = Base.lproj/LaunchScreen.storyboard; sourceTree = "<group>"; };
		CDF8876A28E47955008FB47C /* Info.plist */ = {isa = PBXFileReference; lastKnownFileType = text.plist.xml; path = Info.plist; sourceTree = "<group>"; };
/* End PBXFileReference section */

/* Begin PBXFrameworksBuildPhase section */
		CDF8875628E47955008FB47C /* Frameworks */ = {
			isa = PBXFrameworksBuildPhase;
			buildActionMask = 2147483647;
			files = (
			);
			runOnlyForDeploymentPostprocessing = 0;
		};
/* End PBXFrameworksBuildPhase section */

/* Begin PBXGroup section */
		CDDEE3AB28E4800500818242 /* Models */ = {
			isa = PBXGroup;
			children = (
				CDDEE3AE28E4806000818242 /* Movie.swift */,
				CDDEE3B028E488A600818242 /* DataManager.swift */,
			);
			path = Models;
			sourceTree = "<group>";
		};
		CDDEE3AC28E4800C00818242 /* Views */ = {
			isa = PBXGroup;
			children = (
				CDF8876228E47955008FB47C /* Main.storyboard */,
				CDDEE3A928E47F1700818242 /* MovieCell.swift */,
			);
			path = Views;
			sourceTree = "<group>";
		};
		CDDEE3AD28E4801200818242 /* Controllers */ = {
			isa = PBXGroup;
			children = (
				CDF8876028E47955008FB47C /* ViewController.swift */,
				CDDEE3B228E4906D00818242 /* DetailViewController.swift */,
				CDDEE3B428E4A3EA00818242 /* AddViewController.swift */,
			);
			path = Controllers;
			sourceTree = "<group>";
		};
		CDF8875028E47955008FB47C = {
			isa = PBXGroup;
			children = (
				CDF8875B28E47955008FB47C /* TableViewChat */,
				CDF8875A28E47955008FB47C /* Products */,
			);
			sourceTree = "<group>";
		};
		CDF8875A28E47955008FB47C /* Products */ = {
			isa = PBXGroup;
			children = (
				CDF8875928E47955008FB47C /* TableViewChat.app */,
			);
			name = Products;
			sourceTree = "<group>";
		};
		CDF8875B28E47955008FB47C /* TableViewChat */ = {
			isa = PBXGroup;
			children = (
				CDF8875C28E47955008FB47C /* AppDelegate.swift */,
				CDF8875E28E47955008FB47C /* SceneDelegate.swift */,
				CDDEE3AB28E4800500818242 /* Models */,
				CDDEE3AC28E4800C00818242 /* Views */,
				CDDEE3AD28E4801200818242 /* Controllers */,
				CDF8876528E47955008FB47C /* Assets.xcassets */,
				CDF8876728E47955008FB47C /* LaunchScreen.storyboard */,
				CDF8876A28E47955008FB47C /* Info.plist */,
			);
			path = TableViewChat;
			sourceTree = "<group>";
		};
/* End PBXGroup section */

/* Begin PBXNativeTarget section */
		CDF8875828E47955008FB47C /* TableViewChat */ = {
			isa = PBXNativeTarget;
			buildConfigurationList = CDF8876D28E47955008FB47C /* Build configuration list for PBXNativeTarget "TableViewChat" */;
			buildPhases = (
				CDF8875528E47955008FB47C /* Sources */,
				CDF8875628E47955008FB47C /* Frameworks */,
				CDF8875728E47955008FB47C /* Resources */,
			);
			buildRules = (
			);
			dependencies = (
			);
			name = TableViewChat;
			productName = TableViewChat;
			productReference = CDF8875928E47955008FB47C /* TableViewChat.app */;
			productType = "com.apple.product-type.application";
		};
/* End PBXNativeTarget section */

/* Begin PBXProject section */
		CDF8875128E47955008FB47C /* Project object */ = {
			isa = PBXProject;
			attributes = {
				BuildIndependentTargetsInParallel = 1;
				LastSwiftUpdateCheck = 1340;
				LastUpgradeCheck = 1340;
				TargetAttributes = {
					CDF8875828E47955008FB47C = {
						CreatedOnToolsVersion = 13.4.1;
					};
				};
			};
			buildConfigurationList = CDF8875428E47955008FB47C /* Build configuration list for PBXProject "TableViewChat" */;
			compatibilityVersion = "Xcode 13.0";
			developmentRegion = en;
			hasScannedForEncodings = 0;
			knownRegions = (
				en,
				Base,
			);
			mainGroup = CDF8875028E47955008FB47C;
			productRefGroup = CDF8875A28E47955008FB47C /* Products */;
			projectDirPath = "";
			projectRoot = "";
			targets = (
				CDF8875828E47955008FB47C /* TableViewChat */,
			);
		};
/* End PBXProject section */

/* Begin PBXResourcesBuildPhase section */
		CDF8875728E47955008FB47C /* Resources */ = {
			isa = PBXResourcesBuildPhase;
			buildActionMask = 2147483647;
			files = (
				CDF8876928E47955008FB47C /* LaunchScreen.storyboard in Resources */,
				CDF8876628E47955008FB47C /* Assets.xcassets in Resources */,
				CDF8876428E47955008FB47C /* Main.storyboard in Resources */,
			);
			runOnlyForDeploymentPostprocessing = 0;
		};
/* End PBXResourcesBuildPhase section */

/* Begin PBXSourcesBuildPhase section */
		CDF8875528E47955008FB47C /* Sources */ = {
			isa = PBXSourcesBuildPhase;
			buildActionMask = 2147483647;
			files = (
				CDF8876128E47955008FB47C /* ViewController.swift in Sources */,
				CDDEE3B128E488A600818242 /* DataManager.swift in Sources */,
				CDDEE3B528E4A3EA00818242 /* AddViewController.swift in Sources */,
				CDF8875D28E47955008FB47C /* AppDelegate.swift in Sources */,
				CDDEE3AA28E47F1700818242 /* MovieCell.swift in Sources */,
				CDF8875F28E47955008FB47C /* SceneDelegate.swift in Sources */,
				CDDEE3AF28E4806000818242 /* Movie.swift in Sources */,
				CDDEE3B328E4906D00818242 /* DetailViewController.swift in Sources */,
			);
			runOnlyForDeploymentPostprocessing = 0;
		};
/* End PBXSourcesBuildPhase section */

/* Begin PBXVariantGroup section */
		CDF8876228E47955008FB47C /* Main.storyboard */ = {
			isa = PBXVariantGroup;
			children = (
				CDF8876328E47955008FB47C /* Base */,
			);
			name = Main.storyboard;
			sourceTree = "<group>";
		};
		CDF8876728E47955008FB47C /* LaunchScreen.storyboard */ = {
			isa = PBXVariantGroup;
			children = (
				CDF8876828E47955008FB47C /* Base */,
			);
			name = LaunchScreen.storyboard;
			sourceTree = "<group>";
		};
/* End PBXVariantGroup section */

/* Begin XCBuildConfiguration section */
		CDF8876B28E47955008FB47C /* Debug */ = {
			isa = XCBuildConfiguration;
			buildSettings = {
				ALWAYS_SEARCH_USER_PATHS = NO;
				CLANG_ANALYZER_NONNULL = YES;
				CLANG_ANALYZER_NUMBER_OBJECT_CONVERSION = YES_AGGRESSIVE;
				CLANG_CXX_LANGUAGE_STANDARD = "gnu++17";
				CLANG_ENABLE_MODULES = YES;
				CLANG_ENABLE_OBJC_ARC = YES;
				CLANG_ENABLE_OBJC_WEAK = YES;
				CLANG_WARN_BLOCK_CAPTURE_AUTORELEASING = YES;
				CLANG_WARN_BOOL_CONVERSION = YES;
				CLANG_WARN_COMMA = YES;
				CLANG_WARN_CONSTANT_CONVERSION = YES;
				CLANG_WARN_DEPRECATED_OBJC_IMPLEMENTATIONS = YES;
				CLANG_WARN_DIRECT_OBJC_ISA_USAGE = YES_ERROR;
				CLANG_WARN_DOCUMENTATION_COMMENTS = YES;
				CLANG_WARN_EMPTY_BODY = YES;
				CLANG_WARN_ENUM_CONVERSION = YES;
				CLANG_WARN_INFINITE_RECURSION = YES;
				CLANG_WARN_INT_CONVERSION = YES;
				CLANG_WARN_NON_LITERAL_NULL_CONVERSION = YES;
				CLANG_WARN_OBJC_IMPLICIT_RETAIN_SELF = YES;
				CLANG_WARN_OBJC_LITERAL_CONVERSION = YES;
				CLANG_WARN_OBJC_ROOT_CLASS = YES_ERROR;
				CLANG_WARN_QUOTED_INCLUDE_IN_FRAMEWORK_HEADER = YES;
				CLANG_WARN_RANGE_LOOP_ANALYSIS = YES;
				CLANG_WARN_STRICT_PROTOTYPES = YES;
				CLANG_WARN_SUSPICIOUS_MOVE = YES;
				CLANG_WARN_UNGUARDED_AVAILABILITY = YES_AGGRESSIVE;
				CLANG_WARN_UNREACHABLE_CODE = YES;
				CLANG_WARN__DUPLICATE_METHOD_MATCH = YES;
				COPY_PHASE_STRIP = NO;
				DEBUG_INFORMATION_FORMAT = dwarf;
				ENABLE_STRICT_OBJC_MSGSEND = YES;
				ENABLE_TESTABILITY = YES;
				GCC_C_LANGUAGE_STANDARD = gnu11;
				GCC_DYNAMIC_NO_PIC = NO;
				GCC_NO_COMMON_BLOCKS = YES;
				GCC_OPTIMIZATION_LEVEL = 0;
				GCC_PREPROCESSOR_DEFINITIONS = (
					"DEBUG=1",
					"$(inherited)",
				);
				GCC_WARN_64_TO_32_BIT_CONVERSION = YES;
				GCC_WARN_ABOUT_RETURN_TYPE = YES_ERROR;
				GCC_WARN_UNDECLARED_SELECTOR = YES;
				GCC_WARN_UNINITIALIZED_AUTOS = YES_AGGRESSIVE;
				GCC_WARN_UNUSED_FUNCTION = YES;
				GCC_WARN_UNUSED_VARIABLE = YES;
				IPHONEOS_DEPLOYMENT_TARGET = 15.5;
				MTL_ENABLE_DEBUG_INFO = INCLUDE_SOURCE;
				MTL_FAST_MATH = YES;
				ONLY_ACTIVE_ARCH = YES;
				SDKROOT = iphoneos;
				SWIFT_ACTIVE_COMPILATION_CONDITIONS = DEBUG;
				SWIFT_OPTIMIZATION_LEVEL = "-Onone";
			};
			name = Debug;
		};
		CDF8876C28E47955008FB47C /* Release */ = {
			isa = XCBuildConfiguration;
			buildSettings = {
				ALWAYS_SEARCH_USER_PATHS = NO;
				CLANG_ANALYZER_NONNULL = YES;
				CLANG_ANALYZER_NUMBER_OBJECT_CONVERSION = YES_AGGRESSIVE;
				CLANG_CXX_LANGUAGE_STANDARD = "gnu++17";
				CLANG_ENABLE_MODULES = YES;
				CLANG_ENABLE_OBJC_ARC = YES;
				CLANG_ENABLE_OBJC_WEAK = YES;
				CLANG_WARN_BLOCK_CAPTURE_AUTORELEASING = YES;
				CLANG_WARN_BOOL_CONVERSION = YES;
				CLANG_WARN_COMMA = YES;
				CLANG_WARN_CONSTANT_CONVERSION = YES;
				CLANG_WARN_DEPRECATED_OBJC_IMPLEMENTATIONS = YES;
				CLANG_WARN_DIRECT_OBJC_ISA_USAGE = YES_ERROR;
				CLANG_WARN_DOCUMENTATION_COMMENTS = YES;
				CLANG_WARN_EMPTY_BODY = YES;
				CLANG_WARN_ENUM_CONVERSION = YES;
				CLANG_WARN_INFINITE_RECURSION = YES;
				CLANG_WARN_INT_CONVERSION = YES;
				CLANG_WARN_NON_LITERAL_NULL_CONVERSION = YES;
				CLANG_WARN_OBJC_IMPLICIT_RETAIN_SELF = YES;
				CLANG_WARN_OBJC_LITERAL_CONVERSION = YES;
				CLANG_WARN_OBJC_ROOT_CLASS = YES_ERROR;
				CLANG_WARN_QUOTED_INCLUDE_IN_FRAMEWORK_HEADER = YES;
				CLANG_WARN_RANGE_LOOP_ANALYSIS = YES;
				CLANG_WARN_STRICT_PROTOTYPES = YES;
				CLANG_WARN_SUSPICIOUS_MOVE = YES;
				CLANG_WARN_UNGUARDED_AVAILABILITY = YES_AGGRESSIVE;
				CLANG_WARN_UNREACHABLE_CODE = YES;
				CLANG_WARN__DUPLICATE_METHOD_MATCH = YES;
				COPY_PHASE_STRIP = NO;
				DEBUG_INFORMATION_FORMAT = "dwarf-with-dsym";
				ENABLE_NS_ASSERTIONS = NO;
				ENABLE_STRICT_OBJC_MSGSEND = YES;
				GCC_C_LANGUAGE_STANDARD = gnu11;
				GCC_NO_COMMON_BLOCKS = YES;
				GCC_WARN_64_TO_32_BIT_CONVERSION = YES;
				GCC_WARN_ABOUT_RETURN_TYPE = YES_ERROR;
				GCC_WARN_UNDECLARED_SELECTOR = YES;
				GCC_WARN_UNINITIALIZED_AUTOS = YES_AGGRESSIVE;
				GCC_WARN_UNUSED_FUNCTION = YES;
				GCC_WARN_UNUSED_VARIABLE = YES;
				IPHONEOS_DEPLOYMENT_TARGET = 15.5;
				MTL_ENABLE_DEBUG_INFO = NO;
				MTL_FAST_MATH = YES;
				SDKROOT = iphoneos;
				SWIFT_COMPILATION_MODE = wholemodule;
				SWIFT_OPTIMIZATION_LEVEL = "-O";
				VALIDATE_PRODUCT = YES;
			};
			name = Release;
		};
		CDF8876E28E47955008FB47C /* Debug */ = {
			isa = XCBuildConfiguration;
			buildSettings = {
				ASSETCATALOG_COMPILER_APPICON_NAME = AppIcon;
				ASSETCATALOG_COMPILER_GLOBAL_ACCENT_COLOR_NAME = AccentColor;
				CODE_SIGN_STYLE = Automatic;
				CURRENT_PROJECT_VERSION = 1;
				GENERATE_INFOPLIST_FILE = YES;
				INFOPLIST_FILE = TableViewChat/Info.plist;
				INFOPLIST_KEY_UIApplicationSupportsIndirectInputEvents = YES;
				INFOPLIST_KEY_UILaunchStoryboardName = LaunchScreen;
				INFOPLIST_KEY_UIMainStoryboardFile = Main;
				INFOPLIST_KEY_UISupportedInterfaceOrientations_iPad = "UIInterfaceOrientationPortrait UIInterfaceOrientationPortraitUpsideDown UIInterfaceOrientationLandscapeLeft UIInterfaceOrientationLandscapeRight";
				INFOPLIST_KEY_UISupportedInterfaceOrientations_iPhone = "UIInterfaceOrientationPortrait UIInterfaceOrientationLandscapeLeft UIInterfaceOrientationLandscapeRight";
				IPHONEOS_DEPLOYMENT_TARGET = 14.0;
				LD_RUNPATH_SEARCH_PATHS = (
					"$(inherited)",
					"@executable_path/Frameworks",
				);
				MARKETING_VERSION = 1.0;
				PRODUCT_BUNDLE_IDENTIFIER = com.jisuKim.TableViewChat;
				PRODUCT_NAME = "$(TARGET_NAME)";
				SWIFT_EMIT_LOC_STRINGS = YES;
				SWIFT_VERSION = 5.0;
				TARGETED_DEVICE_FAMILY = 1;
			};
			name = Debug;
		};
		CDF8876F28E47955008FB47C /* Release */ = {
			isa = XCBuildConfiguration;
			buildSettings = {
				ASSETCATALOG_COMPILER_APPICON_NAME = AppIcon;
				ASSETCATALOG_COMPILER_GLOBAL_ACCENT_COLOR_NAME = AccentColor;
				CODE_SIGN_STYLE = Automatic;
				CURRENT_PROJECT_VERSION = 1;
				GENERATE_INFOPLIST_FILE = YES;
				INFOPLIST_FILE = TableViewChat/Info.plist;
				INFOPLIST_KEY_UIApplicationSupportsIndirectInputEvents = YES;
				INFOPLIST_KEY_UILaunchStoryboardName = LaunchScreen;
				INFOPLIST_KEY_UIMainStoryboardFile = Main;
				INFOPLIST_KEY_UISupportedInterfaceOrientations_iPad = "UIInterfaceOrientationPortrait UIInterfaceOrientationPortraitUpsideDown UIInterfaceOrientationLandscapeLeft UIInterfaceOrientationLandscapeRight";
				INFOPLIST_KEY_UISupportedInterfaceOrientations_iPhone = "UIInterfaceOrientationPortrait UIInterfaceOrientationLandscapeLeft UIInterfaceOrientationLandscapeRight";
				IPHONEOS_DEPLOYMENT_TARGET = 14.0;
				LD_RUNPATH_SEARCH_PATHS = (
					"$(inherited)",
					"@executable_path/Frameworks",
				);
				MARKETING_VERSION = 1.0;
				PRODUCT_BUNDLE_IDENTIFIER = com.jisuKim.TableViewChat;
				PRODUCT_NAME = "$(TARGET_NAME)";
				SWIFT_EMIT_LOC_STRINGS = YES;
				SWIFT_VERSION = 5.0;
				TARGETED_DEVICE_FAMILY = 1;
			};
			name = Release;
		};
/* End XCBuildConfiguration section */

/* Begin XCConfigurationList section */
		CDF8875428E47955008FB47C /* Build configuration list for PBXProject "TableViewChat" */ = {
			isa = XCConfigurationList;
			buildConfigurations = (
				CDF8876B28E47955008FB47C /* Debug */,
				CDF8876C28E47955008FB47C /* Release */,
			);
			defaultConfigurationIsVisible = 0;
			defaultConfigurationName = Release;
		};
		CDF8876D28E47955008FB47C /* Build configuration list for PBXNativeTarget "TableViewChat" */ = {
			isa = XCConfigurationList;
			buildConfigurations = (
				CDF8876E28E47955008FB47C /* Debug */,
				CDF8876F28E47955008FB47C /* Release */,
			);
			defaultConfigurationIsVisible = 0;
			defaultConfigurationName = Release;
		};
/* End XCConfigurationList section */
	};
	rootObject = CDF8875128E47955008FB47C /* Project object */;
}
